
Microsoft Visual Studio Solution File, Format Version 12.00
# Visual Studio Version 17
VisualStudioVersion = 17.7.34221.43
MinimumVisualStudioVersion = 10.0.40219.1
Project("{FAE04EC0-301F-11D3-BF4B-00C04F79EFBC}") = "GörselÖdev", "GörselÖdev\GörselÖdev.csproj", "{18E7B7C9-6CA4-4A6E-A975-4E3C3599664B}"
EndProject
Global
	GlobalSection(SolutionConfigurationPlatforms) = preSolution
		Debug|Any CPU = Debug|Any CPU
		Release|Any CPU = Release|Any CPU
	EndGlobalSection
	GlobalSection(ProjectConfigurationPlatforms) = postSolution
		{18E7B7C9-6CA4-4A6E-A975-4E3C3599664B}.Debug|Any CPU.ActiveCfg = Debug|Any CPU
		{18E7B7C9-6CA4-4A6E-A975-4E3C3599664B}.Debug|Any CPU.Build.0 = Debug|Any CPU
		{18E7B7C9-6CA4-4A6E-A975-4E3C3599664B}.Debug|Any CPU.Deploy.0 = Debug|Any CPU
		{18E7B7C9-6CA4-4A6E-A975-4E3C3599664B}.Release|Any CPU.ActiveCfg = Release|Any CPU
		{18E7B7C9-6CA4-4A6E-A975-4E3C3599664B}.Release|Any CPU.Build.0 = Release|Any CPU
		{18E7B7C9-6CA4-4A6E-A975-4E3C3599664B}.Release|Any CPU.Deploy.0 = Release|Any CPU
	EndGlobalSection
	GlobalSection(SolutionProperties) = preSolution
		HideSolutionNode = FALSE
	EndGlobalSection
	GlobalSection(ExtensibilityGlobals) = postSolution
		SolutionGuid = {7DC59B70-4BF4-4C4A-A85A-5F7E58ABA4F4}
	EndGlobalSection
EndGlobal
